
Microsoft Visual Studio Solution File, Format Version 12.00
# Visual Studio Version 17
VisualStudioVersion = 17.4.33205.214
MinimumVisualStudioVersion = 10.0.40219.1
Project("{FAE04EC0-301F-11D3-BF4B-00C04F79EFBC}") = "blog-project-react", "blog-project-react\blog-project-react.csproj", "{C99DEECB-FAD3-4D76-839A-DB62371B466F}"
EndProject
Global
	GlobalSection(SolutionConfigurationPlatforms) = preSolution
		Debug|Any CPU = Debug|Any CPU
		Release|Any CPU = Release|Any CPU
	EndGlobalSection
	GlobalSection(ProjectConfigurationPlatforms) = postSolution
		{C99DEECB-FAD3-4D76-839A-DB62371B466F}.Debug|Any CPU.ActiveCfg = Debug|Any CPU
		{C99DEECB-FAD3-4D76-839A-DB62371B466F}.Debug|Any CPU.Build.0 = Debug|Any CPU
		{C99DEECB-FAD3-4D76-839A-DB62371B466F}.Release|Any CPU.ActiveCfg = Release|Any CPU
		{C99DEECB-FAD3-4D76-839A-DB62371B466F}.Release|Any CPU.Build.0 = Release|Any CPU
	EndGlobalSection
	GlobalSection(SolutionProperties) = preSolution
		HideSolutionNode = FALSE
	EndGlobalSection
	GlobalSection(ExtensibilityGlobals) = postSolution
		SolutionGuid = {4E9A066B-4722-4BC8-8D31-86E20361E009}
	EndGlobalSection
EndGlobal
