
Microsoft Visual Studio Solution File, Format Version 12.00
# Visual Studio Version 17
VisualStudioVersion = 17.4.33205.214
MinimumVisualStudioVersion = 10.0.40219.1
Project("{FAE04EC0-301F-11D3-BF4B-00C04F79EFBC}") = "blog-project-api", "blog-project-api\blog-project-api.csproj", "{7FB15F60-DF00-433F-8C3E-F54611810777}"
EndProject
Global
	GlobalSection(SolutionConfigurationPlatforms) = preSolution
		Debug|Any CPU = Debug|Any CPU
		Release|Any CPU = Release|Any CPU
	EndGlobalSection
	GlobalSection(ProjectConfigurationPlatforms) = postSolution
		{7FB15F60-DF00-433F-8C3E-F54611810777}.Debug|Any CPU.ActiveCfg = Debug|Any CPU
		{7FB15F60-DF00-433F-8C3E-F54611810777}.Debug|Any CPU.Build.0 = Debug|Any CPU
		{7FB15F60-DF00-433F-8C3E-F54611810777}.Release|Any CPU.ActiveCfg = Release|Any CPU
		{7FB15F60-DF00-433F-8C3E-F54611810777}.Release|Any CPU.Build.0 = Release|Any CPU
	EndGlobalSection
	GlobalSection(SolutionProperties) = preSolution
		HideSolutionNode = FALSE
	EndGlobalSection
	GlobalSection(ExtensibilityGlobals) = postSolution
		SolutionGuid = {2BA39DFA-A6FD-48EA-8759-880163D6E6D1}
	EndGlobalSection
EndGlobal
